
Microsoft Visual Studio Solution File, Format Version 12.00
# Visual Studio Version 17
VisualStudioVersion = 17.9.34607.119
MinimumVisualStudioVersion = 10.0.40219.1
Project("{FAE04EC0-301F-11D3-BF4B-00C04F79EFBC}") = "Generics", "Generics\Generics.csproj", "{753EAA24-3EC5-454A-9E52-A5D541954154}"
EndProject
Global
	GlobalSection(SolutionConfigurationPlatforms) = preSolution
		Debug|Any CPU = Debug|Any CPU
		Release|Any CPU = Release|Any CPU
	EndGlobalSection
	GlobalSection(ProjectConfigurationPlatforms) = postSolution
		{753EAA24-3EC5-454A-9E52-A5D541954154}.Debug|Any CPU.ActiveCfg = Debug|Any CPU
		{753EAA24-3EC5-454A-9E52-A5D541954154}.Debug|Any CPU.Build.0 = Debug|Any CPU
		{753EAA24-3EC5-454A-9E52-A5D541954154}.Release|Any CPU.ActiveCfg = Release|Any CPU
		{753EAA24-3EC5-454A-9E52-A5D541954154}.Release|Any CPU.Build.0 = Release|Any CPU
	EndGlobalSection
	GlobalSection(SolutionProperties) = preSolution
		HideSolutionNode = FALSE
	EndGlobalSection
	GlobalSection(ExtensibilityGlobals) = postSolution
		SolutionGuid = {67F8B651-04F1-4524-BE1A-DD1D5C525F5F}
	EndGlobalSection
EndGlobal
